
Microsoft Visual Studio Solution File, Format Version 12.00
# Visual Studio Version 17
VisualStudioVersion = 17.14.36221.1
MinimumVisualStudioVersion = 10.0.40219.1
Project("{FAE04EC0-301F-11D3-BF4B-00C04F79EFBC}") = "TetrisGame", "TetrisGame.csproj", "{D0778448-5D94-45C4-8B9F-F56B350AAD05}"
EndProject
Global
	GlobalSection(SolutionConfigurationPlatforms) = preSolution
		Debug|Any CPU = Debug|Any CPU
		Debug|x64 = Debug|x64
		Release|Any CPU = Release|Any CPU
		Release|x64 = Release|x64
	EndGlobalSection
	GlobalSection(ProjectConfigurationPlatforms) = postSolution
		{D0778448-5D94-45C4-8B9F-F56B350AAD05}.Debug|Any CPU.ActiveCfg = Debug|Any CPU
		{D0778448-5D94-45C4-8B9F-F56B350AAD05}.Debug|Any CPU.Build.0 = Debug|Any CPU
		{D0778448-5D94-45C4-8B9F-F56B350AAD05}.Debug|x64.ActiveCfg = Debug|x64
		{D0778448-5D94-45C4-8B9F-F56B350AAD05}.Debug|x64.Build.0 = Debug|x64
		{D0778448-5D94-45C4-8B9F-F56B350AAD05}.Release|Any CPU.ActiveCfg = Release|Any CPU
		{D0778448-5D94-45C4-8B9F-F56B350AAD05}.Release|Any CPU.Build.0 = Release|Any CPU
		{D0778448-5D94-45C4-8B9F-F56B350AAD05}.Release|x64.ActiveCfg = Release|x64
		{D0778448-5D94-45C4-8B9F-F56B350AAD05}.Release|x64.Build.0 = Release|x64
	EndGlobalSection
	GlobalSection(SolutionProperties) = preSolution
		HideSolutionNode = FALSE
	EndGlobalSection
	GlobalSection(ExtensibilityGlobals) = postSolution
		SolutionGuid = {69992909-1CE9-4FDE-9E3E-D0ED1665D0AC}
	EndGlobalSection
EndGlobal
